// !$*UTF8*$!
{
	archiveVersion = 1;
	classes = {
	};
	objectVersion = 50;
	objects = {

/* Begin PBXBuildFile section */
		D15D5E9326509DAF005D562C /* AppDelegate.swift in Sources */ = {isa = PBXBuildFile; fileRef = D15D5E9226509DAF005D562C /* AppDelegate.swift */; };
		D15D5E9526509DAF005D562C /* SceneDelegate.swift in Sources */ = {isa = PBXBuildFile; fileRef = D15D5E9426509DAF005D562C /* SceneDelegate.swift */; };
		D15D5E9726509DAF005D562C /* ContentView.swift in Sources */ = {isa = PBXBuildFile; fileRef = D15D5E9626509DAF005D562C /* ContentView.swift */; };
		D15D5E9926509DB1005D562C /* Assets.xcassets in Resources */ = {isa = PBXBuildFile; fileRef = D15D5E9826509DB1005D562C /* Assets.xcassets */; };
		D15D5E9C26509DB1005D562C /* Preview Assets.xcassets in Resources */ = {isa = PBXBuildFile; fileRef = D15D5E9B26509DB1005D562C /* Preview Assets.xcassets */; };
		D15D5E9F26509DB1005D562C /* LaunchScreen.storyboard in Resources */ = {isa = PBXBuildFile; fileRef = D15D5E9D26509DB1005D562C /* LaunchScreen.storyboard */; };
		D15D5EAA26509DB1005D562C /* NikeLabTests.swift in Sources */ = {isa = PBXBuildFile; fileRef = D15D5EA926509DB1005D562C /* NikeLabTests.swift */; };
		D15D5EB526509DB2005D562C /* NikeLabUITests.swift in Sources */ = {isa = PBXBuildFile; fileRef = D15D5EB426509DB2005D562C /* NikeLabUITests.swift */; };
		D15D5ECA2650A80D005D562C /* API.swift in Sources */ = {isa = PBXBuildFile; fileRef = D15D5EC82650A80C005D562C /* API.swift */; };
		D15D5ECB2650A80D005D562C /* ServiceManager.swift in Sources */ = {isa = PBXBuildFile; fileRef = D15D5EC92650A80C005D562C /* ServiceManager.swift */; };
		D15D5ED02650A84D005D562C /* JsonUtility.swift in Sources */ = {isa = PBXBuildFile; fileRef = D15D5ECF2650A84D005D562C /* JsonUtility.swift */; };
		D15D5ED92650B040005D562C /* Loader.swift in Sources */ = {isa = PBXBuildFile; fileRef = D15D5ED82650B040005D562C /* Loader.swift */; };
		D15D5EDF2650B0E2005D562C /* RootContainer.swift in Sources */ = {isa = PBXBuildFile; fileRef = D15D5EDE2650B0E2005D562C /* RootContainer.swift */; };
		D15D5EE42650B197005D562C /* Album.swift in Sources */ = {isa = PBXBuildFile; fileRef = D15D5EE32650B197005D562C /* Album.swift */; };
		D15D5EFE2650F3AD005D562C /* Genre.swift in Sources */ = {isa = PBXBuildFile; fileRef = D15D5EFD2650F3AD005D562C /* Genre.swift */; };
		D15D5F052650F989005D562C /* AlbumRow.swift in Sources */ = {isa = PBXBuildFile; fileRef = D15D5F042650F989005D562C /* AlbumRow.swift */; };
		D15D5F0D26517427005D562C /* AlbumMasterContent.swift in Sources */ = {isa = PBXBuildFile; fileRef = D15D5F0C26517427005D562C /* AlbumMasterContent.swift */; };
		D15D5F1326517581005D562C /* Model.swift in Sources */ = {isa = PBXBuildFile; fileRef = D15D5F1226517581005D562C /* Model.swift */; };
		D15D5F1B2651779D005D562C /* PreviewAlbum.swift in Sources */ = {isa = PBXBuildFile; fileRef = D15D5F1A2651779D005D562C /* PreviewAlbum.swift */; };
		D15D5F242651E5B4005D562C /* LazyImage.swift in Sources */ = {isa = PBXBuildFile; fileRef = D15D5F232651E5B4005D562C /* LazyImage.swift */; };
		D15D5F3226524F23005D562C /* AlbumDetailContent.swift in Sources */ = {isa = PBXBuildFile; fileRef = D15D5F3126524F23005D562C /* AlbumDetailContent.swift */; };
		D15D5F4226532461005D562C /* WebUI.swift in Sources */ = {isa = PBXBuildFile; fileRef = D15D5F4126532461005D562C /* WebUI.swift */; };
		D15D5F4726532E08005D562C /* BackButton.swift in Sources */ = {isa = PBXBuildFile; fileRef = D15D5F4626532E08005D562C /* BackButton.swift */; };
		D15D5F4C26533331005D562C /* WebContent.swift in Sources */ = {isa = PBXBuildFile; fileRef = D15D5F4B26533331005D562C /* WebContent.swift */; };
/* End PBXBuildFile section */

/* Begin PBXContainerItemProxy section */
		D15D5EA626509DB1005D562C /* PBXContainerItemProxy */ = {
			isa = PBXContainerItemProxy;
			containerPortal = D15D5E8726509DAF005D562C /* Project object */;
			proxyType = 1;
			remoteGlobalIDString = D15D5E8E26509DAF005D562C;
			remoteInfo = NikeLab;
		};
		D15D5EB126509DB2005D562C /* PBXContainerItemProxy */ = {
			isa = PBXContainerItemProxy;
			containerPortal = D15D5E8726509DAF005D562C /* Project object */;
			proxyType = 1;
			remoteGlobalIDString = D15D5E8E26509DAF005D562C;
			remoteInfo = NikeLab;
		};
/* End PBXContainerItemProxy section */

/* Begin PBXFileReference section */
		D15D5E8F26509DAF005D562C /* NikeLab.app */ = {isa = PBXFileReference; explicitFileType = wrapper.application; includeInIndex = 0; path = NikeLab.app; sourceTree = BUILT_PRODUCTS_DIR; };
		D15D5E9226509DAF005D562C /* AppDelegate.swift */ = {isa = PBXFileReference; lastKnownFileType = sourcecode.swift; path = AppDelegate.swift; sourceTree = "<group>"; };
		D15D5E9426509DAF005D562C /* SceneDelegate.swift */ = {isa = PBXFileReference; lastKnownFileType = sourcecode.swift; path = SceneDelegate.swift; sourceTree = "<group>"; };
		D15D5E9626509DAF005D562C /* ContentView.swift */ = {isa = PBXFileReference; lastKnownFileType = sourcecode.swift; path = ContentView.swift; sourceTree = "<group>"; };
		D15D5E9826509DB1005D562C /* Assets.xcassets */ = {isa = PBXFileReference; lastKnownFileType = folder.assetcatalog; path = Assets.xcassets; sourceTree = "<group>"; };
		D15D5E9B26509DB1005D562C /* Preview Assets.xcassets */ = {isa = PBXFileReference; lastKnownFileType = folder.assetcatalog; path = "Preview Assets.xcassets"; sourceTree = "<group>"; };
		D15D5E9E26509DB1005D562C /* Base */ = {isa = PBXFileReference; lastKnownFileType = file.storyboard; name = Base; path = Base.lproj/LaunchScreen.storyboard; sourceTree = "<group>"; };
		D15D5EA026509DB1005D562C /* Info.plist */ = {isa = PBXFileReference; lastKnownFileType = text.plist.xml; path = Info.plist; sourceTree = "<group>"; };
		D15D5EA526509DB1005D562C /* NikeLabTests.xctest */ = {isa = PBXFileReference; explicitFileType = wrapper.cfbundle; includeInIndex = 0; path = NikeLabTests.xctest; sourceTree = BUILT_PRODUCTS_DIR; };
		D15D5EA926509DB1005D562C /* NikeLabTests.swift */ = {isa = PBXFileReference; lastKnownFileType = sourcecode.swift; path = NikeLabTests.swift; sourceTree = "<group>"; };
		D15D5EAB26509DB1005D562C /* Info.plist */ = {isa = PBXFileReference; lastKnownFileType = text.plist.xml; path = Info.plist; sourceTree = "<group>"; };
		D15D5EB026509DB2005D562C /* NikeLabUITests.xctest */ = {isa = PBXFileReference; explicitFileType = wrapper.cfbundle; includeInIndex = 0; path = NikeLabUITests.xctest; sourceTree = BUILT_PRODUCTS_DIR; };
		D15D5EB426509DB2005D562C /* NikeLabUITests.swift */ = {isa = PBXFileReference; lastKnownFileType = sourcecode.swift; path = NikeLabUITests.swift; sourceTree = "<group>"; };
		D15D5EB626509DB2005D562C /* Info.plist */ = {isa = PBXFileReference; lastKnownFileType = text.plist.xml; path = Info.plist; sourceTree = "<group>"; };
		D15D5EC82650A80C005D562C /* API.swift */ = {isa = PBXFileReference; fileEncoding = 4; lastKnownFileType = sourcecode.swift; path = API.swift; sourceTree = "<group>"; };
		D15D5EC92650A80C005D562C /* ServiceManager.swift */ = {isa = PBXFileReference; fileEncoding = 4; lastKnownFileType = sourcecode.swift; path = ServiceManager.swift; sourceTree = "<group>"; };
		D15D5ECF2650A84D005D562C /* JsonUtility.swift */ = {isa = PBXFileReference; fileEncoding = 4; lastKnownFileType = sourcecode.swift; path = JsonUtility.swift; sourceTree = "<group>"; };
		D15D5ED82650B040005D562C /* Loader.swift */ = {isa = PBXFileReference; lastKnownFileType = sourcecode.swift; path = Loader.swift; sourceTree = "<group>"; };
		D15D5EDE2650B0E2005D562C /* RootContainer.swift */ = {isa = PBXFileReference; lastKnownFileType = sourcecode.swift; path = RootContainer.swift; sourceTree = "<group>"; };
		D15D5EE32650B197005D562C /* Album.swift */ = {isa = PBXFileReference; lastKnownFileType = sourcecode.swift; path = Album.swift; sourceTree = "<group>"; };
		D15D5EFD2650F3AD005D562C /* Genre.swift */ = {isa = PBXFileReference; lastKnownFileType = sourcecode.swift; path = Genre.swift; sourceTree = "<group>"; };
		D15D5F042650F989005D562C /* AlbumRow.swift */ = {isa = PBXFileReference; lastKnownFileType = sourcecode.swift; path = AlbumRow.swift; sourceTree = "<group>"; };
		D15D5F0C26517427005D562C /* AlbumMasterContent.swift */ = {isa = PBXFileReference; lastKnownFileType = sourcecode.swift; path = AlbumMasterContent.swift; sourceTree = "<group>"; };
		D15D5F1226517581005D562C /* Model.swift */ = {isa = PBXFileReference; lastKnownFileType = sourcecode.swift; path = Model.swift; sourceTree = "<group>"; };
		D15D5F1A2651779D005D562C /* PreviewAlbum.swift */ = {isa = PBXFileReference; lastKnownFileType = sourcecode.swift; path = PreviewAlbum.swift; sourceTree = "<group>"; };
		D15D5F232651E5B4005D562C /* LazyImage.swift */ = {isa = PBXFileReference; lastKnownFileType = sourcecode.swift; path = LazyImage.swift; sourceTree = "<group>"; };
		D15D5F3126524F23005D562C /* AlbumDetailContent.swift */ = {isa = PBXFileReference; lastKnownFileType = sourcecode.swift; path = AlbumDetailContent.swift; sourceTree = "<group>"; };
		D15D5F4126532461005D562C /* WebUI.swift */ = {isa = PBXFileReference; lastKnownFileType = sourcecode.swift; path = WebUI.swift; sourceTree = "<group>"; };
		D15D5F4626532E08005D562C /* BackButton.swift */ = {isa = PBXFileReference; lastKnownFileType = sourcecode.swift; path = BackButton.swift; sourceTree = "<group>"; };
		D15D5F4B26533331005D562C /* WebContent.swift */ = {isa = PBXFileReference; fileEncoding = 4; lastKnownFileType = sourcecode.swift; path = WebContent.swift; sourceTree = "<group>"; };
/* End PBXFileReference section */

/* Begin PBXFrameworksBuildPhase section */
		D15D5E8C26509DAF005D562C /* Frameworks */ = {
			isa = PBXFrameworksBuildPhase;
			buildActionMask = 2147483647;
			files = (
			);
			runOnlyForDeploymentPostprocessing = 0;
		};
		D15D5EA226509DB1005D562C /* Frameworks */ = {
			isa = PBXFrameworksBuildPhase;
			buildActionMask = 2147483647;
			files = (
			);
			runOnlyForDeploymentPostprocessing = 0;
		};
		D15D5EAD26509DB1005D562C /* Frameworks */ = {
			isa = PBXFrameworksBuildPhase;
			buildActionMask = 2147483647;
			files = (
			);
			runOnlyForDeploymentPostprocessing = 0;
		};
/* End PBXFrameworksBuildPhase section */

/* Begin PBXGroup section */
		D15D5E8626509DAF005D562C = {
			isa = PBXGroup;
			children = (
				D15D5E9126509DAF005D562C /* NikeLab */,
				D15D5EA826509DB1005D562C /* NikeLabTests */,
				D15D5EB326509DB2005D562C /* NikeLabUITests */,
				D15D5E9026509DAF005D562C /* Products */,
			);
			sourceTree = "<group>";
		};
		D15D5E9026509DAF005D562C /* Products */ = {
			isa = PBXGroup;
			children = (
				D15D5E8F26509DAF005D562C /* NikeLab.app */,
				D15D5EA526509DB1005D562C /* NikeLabTests.xctest */,
				D15D5EB026509DB2005D562C /* NikeLabUITests.xctest */,
			);
			name = Products;
			sourceTree = "<group>";
		};
		D15D5E9126509DAF005D562C /* NikeLab */ = {
			isa = PBXGroup;
			children = (
				D15D5E9226509DAF005D562C /* AppDelegate.swift */,
				D15D5E9426509DAF005D562C /* SceneDelegate.swift */,
				D15D5E9626509DAF005D562C /* ContentView.swift */,
				D15D5F022650F916005D562C /* Master */,
				D15D5F032650F923005D562C /* Detail */,
				D15D5ED42650A88B005D562C /* Model */,
				D15D5EC52650A7A9005D562C /* Common */,
				D15D5E9826509DB1005D562C /* Assets.xcassets */,
				D15D5E9D26509DB1005D562C /* LaunchScreen.storyboard */,
				D15D5EA026509DB1005D562C /* Info.plist */,
				D15D5E9A26509DB1005D562C /* Preview Content */,
			);
			path = NikeLab;
			sourceTree = "<group>";
		};
		D15D5E9A26509DB1005D562C /* Preview Content */ = {
			isa = PBXGroup;
			children = (
				D15D5E9B26509DB1005D562C /* Preview Assets.xcassets */,
			);
			path = "Preview Content";
			sourceTree = "<group>";
		};
		D15D5EA826509DB1005D562C /* NikeLabTests */ = {
			isa = PBXGroup;
			children = (
				D15D5EA926509DB1005D562C /* NikeLabTests.swift */,
				D15D5EAB26509DB1005D562C /* Info.plist */,
			);
			path = NikeLabTests;
			sourceTree = "<group>";
		};
		D15D5EB326509DB2005D562C /* NikeLabUITests */ = {
			isa = PBXGroup;
			children = (
				D15D5EB426509DB2005D562C /* NikeLabUITests.swift */,
				D15D5EB626509DB2005D562C /* Info.plist */,
			);
			path = NikeLabUITests;
			sourceTree = "<group>";
		};
		D15D5EC52650A7A9005D562C /* Common */ = {
			isa = PBXGroup;
			children = (
				D15D5F222651E59E005D562C /* Views */,
				D15D5F1126517554005D562C /* Protocols */,
				D15D5EC72650A7C4005D562C /* JSON */,
				D15D5EC62650A7B6005D562C /* Network */,
			);
			path = Common;
			sourceTree = "<group>";
		};
		D15D5EC62650A7B6005D562C /* Network */ = {
			isa = PBXGroup;
			children = (
				D15D5EC82650A80C005D562C /* API.swift */,
				D15D5EC92650A80C005D562C /* ServiceManager.swift */,
				D15D5ED82650B040005D562C /* Loader.swift */,
			);
			path = Network;
			sourceTree = "<group>";
		};
		D15D5EC72650A7C4005D562C /* JSON */ = {
			isa = PBXGroup;
			children = (
				D15D5ECF2650A84D005D562C /* JsonUtility.swift */,
			);
			path = JSON;
			sourceTree = "<group>";
		};
		D15D5ED42650A88B005D562C /* Model */ = {
			isa = PBXGroup;
			children = (
				D15D5EDE2650B0E2005D562C /* RootContainer.swift */,
				D15D5EE32650B197005D562C /* Album.swift */,
				D15D5EFD2650F3AD005D562C /* Genre.swift */,
				D15D5F1A2651779D005D562C /* PreviewAlbum.swift */,
			);
			path = Model;
			sourceTree = "<group>";
		};
		D15D5F022650F916005D562C /* Master */ = {
			isa = PBXGroup;
			children = (
				D15D5F0C26517427005D562C /* AlbumMasterContent.swift */,
				D15D5F042650F989005D562C /* AlbumRow.swift */,
			);
			path = Master;
			sourceTree = "<group>";
		};
		D15D5F032650F923005D562C /* Detail */ = {
			isa = PBXGroup;
			children = (
				D15D5F3126524F23005D562C /* AlbumDetailContent.swift */,
			);
			path = Detail;
			sourceTree = "<group>";
		};
		D15D5F1126517554005D562C /* Protocols */ = {
			isa = PBXGroup;
			children = (
				D15D5F1226517581005D562C /* Model.swift */,
			);
			path = Protocols;
			sourceTree = "<group>";
		};
		D15D5F222651E59E005D562C /* Views */ = {
			isa = PBXGroup;
			children = (
				D15D5F4B26533331005D562C /* WebContent.swift */,
				D15D5F4126532461005D562C /* WebUI.swift */,
				D15D5F232651E5B4005D562C /* LazyImage.swift */,
				D15D5F4626532E08005D562C /* BackButton.swift */,
			);
			path = Views;
			sourceTree = "<group>";
		};
/* End PBXGroup section */

/* Begin PBXNativeTarget section */
		D15D5E8E26509DAF005D562C /* NikeLab */ = {
			isa = PBXNativeTarget;
			buildConfigurationList = D15D5EB926509DB2005D562C /* Build configuration list for PBXNativeTarget "NikeLab" */;
			buildPhases = (
				D15D5E8B26509DAF005D562C /* Sources */,
				D15D5E8C26509DAF005D562C /* Frameworks */,
				D15D5E8D26509DAF005D562C /* Resources */,
			);
			buildRules = (
			);
			dependencies = (
			);
			name = NikeLab;
			productName = NikeLab;
			productReference = D15D5E8F26509DAF005D562C /* NikeLab.app */;
			productType = "com.apple.product-type.application";
		};
		D15D5EA426509DB1005D562C /* NikeLabTests */ = {
			isa = PBXNativeTarget;
			buildConfigurationList = D15D5EBC26509DB2005D562C /* Build configuration list for PBXNativeTarget "NikeLabTests" */;
			buildPhases = (
				D15D5EA126509DB1005D562C /* Sources */,
				D15D5EA226509DB1005D562C /* Frameworks */,
				D15D5EA326509DB1005D562C /* Resources */,
			);
			buildRules = (
			);
			dependencies = (
				D15D5EA726509DB1005D562C /* PBXTargetDependency */,
			);
			name = NikeLabTests;
			productName = NikeLabTests;
			productReference = D15D5EA526509DB1005D562C /* NikeLabTests.xctest */;
			productType = "com.apple.product-type.bundle.unit-test";
		};
		D15D5EAF26509DB1005D562C /* NikeLabUITests */ = {
			isa = PBXNativeTarget;
			buildConfigurationList = D15D5EBF26509DB2005D562C /* Build configuration list for PBXNativeTarget "NikeLabUITests" */;
			buildPhases = (
				D15D5EAC26509DB1005D562C /* Sources */,
				D15D5EAD26509DB1005D562C /* Frameworks */,
				D15D5EAE26509DB1005D562C /* Resources */,
			);
			buildRules = (
			);
			dependencies = (
				D15D5EB226509DB2005D562C /* PBXTargetDependency */,
			);
			name = NikeLabUITests;
			productName = NikeLabUITests;
			productReference = D15D5EB026509DB2005D562C /* NikeLabUITests.xctest */;
			productType = "com.apple.product-type.bundle.ui-testing";
		};
/* End PBXNativeTarget section */

/* Begin PBXProject section */
		D15D5E8726509DAF005D562C /* Project object */ = {
			isa = PBXProject;
			attributes = {
				LastSwiftUpdateCheck = 1240;
				LastUpgradeCheck = 1240;
				TargetAttributes = {
					D15D5E8E26509DAF005D562C = {
						CreatedOnToolsVersion = 12.4;
					};
					D15D5EA426509DB1005D562C = {
						CreatedOnToolsVersion = 12.4;
						TestTargetID = D15D5E8E26509DAF005D562C;
					};
					D15D5EAF26509DB1005D562C = {
						CreatedOnToolsVersion = 12.4;
						TestTargetID = D15D5E8E26509DAF005D562C;
					};
				};
			};
			buildConfigurationList = D15D5E8A26509DAF005D562C /* Build configuration list for PBXProject "NikeLab" */;
			compatibilityVersion = "Xcode 9.3";
			developmentRegion = en;
			hasScannedForEncodings = 0;
			knownRegions = (
				en,
				Base,
			);
			mainGroup = D15D5E8626509DAF005D562C;
			productRefGroup = D15D5E9026509DAF005D562C /* Products */;
			projectDirPath = "";
			projectRoot = "";
			targets = (
				D15D5E8E26509DAF005D562C /* NikeLab */,
				D15D5EA426509DB1005D562C /* NikeLabTests */,
				D15D5EAF26509DB1005D562C /* NikeLabUITests */,
			);
		};
/* End PBXProject section */

/* Begin PBXResourcesBuildPhase section */
		D15D5E8D26509DAF005D562C /* Resources */ = {
			isa = PBXResourcesBuildPhase;
			buildActionMask = 2147483647;
			files = (
				D15D5E9F26509DB1005D562C /* LaunchScreen.storyboard in Resources */,
				D15D5E9C26509DB1005D562C /* Preview Assets.xcassets in Resources */,
				D15D5E9926509DB1005D562C /* Assets.xcassets in Resources */,
			);
			runOnlyForDeploymentPostprocessing = 0;
		};
		D15D5EA326509DB1005D562C /* Resources */ = {
			isa = PBXResourcesBuildPhase;
			buildActionMask = 2147483647;
			files = (
			);
			runOnlyForDeploymentPostprocessing = 0;
		};
		D15D5EAE26509DB1005D562C /* Resources */ = {
			isa = PBXResourcesBuildPhase;
			buildActionMask = 2147483647;
			files = (
			);
			runOnlyForDeploymentPostprocessing = 0;
		};
/* End PBXResourcesBuildPhase section */

/* Begin PBXSourcesBuildPhase section */
		D15D5E8B26509DAF005D562C /* Sources */ = {
			isa = PBXSourcesBuildPhase;
			buildActionMask = 2147483647;
			files = (
				D15D5ED02650A84D005D562C /* JsonUtility.swift in Sources */,
				D15D5E9326509DAF005D562C /* AppDelegate.swift in Sources */,
				D15D5F3226524F23005D562C /* AlbumDetailContent.swift in Sources */,
				D15D5E9526509DAF005D562C /* SceneDelegate.swift in Sources */,
				D15D5F4C26533331005D562C /* WebContent.swift in Sources */,
				D15D5ECA2650A80D005D562C /* API.swift in Sources */,
				D15D5EE42650B197005D562C /* Album.swift in Sources */,
				D15D5F242651E5B4005D562C /* LazyImage.swift in Sources */,
				D15D5E9726509DAF005D562C /* ContentView.swift in Sources */,
				D15D5F1326517581005D562C /* Model.swift in Sources */,
				D15D5EDF2650B0E2005D562C /* RootContainer.swift in Sources */,
				D15D5F1B2651779D005D562C /* PreviewAlbum.swift in Sources */,
				D15D5ED92650B040005D562C /* Loader.swift in Sources */,
				D15D5F052650F989005D562C /* AlbumRow.swift in Sources */,
				D15D5F0D26517427005D562C /* AlbumMasterContent.swift in Sources */,
				D15D5F4726532E08005D562C /* BackButton.swift in Sources */,
				D15D5ECB2650A80D005D562C /* ServiceManager.swift in Sources */,
				D15D5F4226532461005D562C /* WebUI.swift in Sources */,
				D15D5EFE2650F3AD005D562C /* Genre.swift in Sources */,
			);
			runOnlyForDeploymentPostprocessing = 0;
		};
		D15D5EA126509DB1005D562C /* Sources */ = {
			isa = PBXSourcesBuildPhase;
			buildActionMask = 2147483647;
			files = (
				D15D5EAA26509DB1005D562C /* NikeLabTests.swift in Sources */,
			);
			runOnlyForDeploymentPostprocessing = 0;
		};
		D15D5EAC26509DB1005D562C /* Sources */ = {
			isa = PBXSourcesBuildPhase;
			buildActionMask = 2147483647;
			files = (
				D15D5EB526509DB2005D562C /* NikeLabUITests.swift in Sources */,
			);
			runOnlyForDeploymentPostprocessing = 0;
		};
/* End PBXSourcesBuildPhase section */

/* Begin PBXTargetDependency section */
		D15D5EA726509DB1005D562C /* PBXTargetDependency */ = {
			isa = PBXTargetDependency;
			target = D15D5E8E26509DAF005D562C /* NikeLab */;
			targetProxy = D15D5EA626509DB1005D562C /* PBXContainerItemProxy */;
		};
		D15D5EB226509DB2005D562C /* PBXTargetDependency */ = {
			isa = PBXTargetDependency;
			target = D15D5E8E26509DAF005D562C /* NikeLab */;
			targetProxy = D15D5EB126509DB2005D562C /* PBXContainerItemProxy */;
		};
/* End PBXTargetDependency section */

/* Begin PBXVariantGroup section */
		D15D5E9D26509DB1005D562C /* LaunchScreen.storyboard */ = {
			isa = PBXVariantGroup;
			children = (
				D15D5E9E26509DB1005D562C /* Base */,
			);
			name = LaunchScreen.storyboard;
			sourceTree = "<group>";
		};
/* End PBXVariantGroup section */

/* Begin XCBuildConfiguration section */
		D15D5EB726509DB2005D562C /* Debug */ = {
			isa = XCBuildConfiguration;
			buildSettings = {
				ALWAYS_SEARCH_USER_PATHS = NO;
				CLANG_ANALYZER_NONNULL = YES;
				CLANG_ANALYZER_NUMBER_OBJECT_CONVERSION = YES_AGGRESSIVE;
				CLANG_CXX_LANGUAGE_STANDARD = "gnu++14";
				CLANG_CXX_LIBRARY = "libc++";
				CLANG_ENABLE_MODULES = YES;
				CLANG_ENABLE_OBJC_ARC = YES;
				CLANG_ENABLE_OBJC_WEAK = YES;
				CLANG_WARN_BLOCK_CAPTURE_AUTORELEASING = YES;
				CLANG_WARN_BOOL_CONVERSION = YES;
				CLANG_WARN_COMMA = YES;
				CLANG_WARN_CONSTANT_CONVERSION = YES;
				CLANG_WARN_DEPRECATED_OBJC_IMPLEMENTATIONS = YES;
				CLANG_WARN_DIRECT_OBJC_ISA_USAGE = YES_ERROR;
				CLANG_WARN_DOCUMENTATION_COMMENTS = YES;
				CLANG_WARN_EMPTY_BODY = YES;
				CLANG_WARN_ENUM_CONVERSION = YES;
				CLANG_WARN_INFINITE_RECURSION = YES;
				CLANG_WARN_INT_CONVERSION = YES;
				CLANG_WARN_NON_LITERAL_NULL_CONVERSION = YES;
				CLANG_WARN_OBJC_IMPLICIT_RETAIN_SELF = YES;
				CLANG_WARN_OBJC_LITERAL_CONVERSION = YES;
				CLANG_WARN_OBJC_ROOT_CLASS = YES_ERROR;
				CLANG_WARN_QUOTED_INCLUDE_IN_FRAMEWORK_HEADER = YES;
				CLANG_WARN_RANGE_LOOP_ANALYSIS = YES;
				CLANG_WARN_STRICT_PROTOTYPES = YES;
				CLANG_WARN_SUSPICIOUS_MOVE = YES;
				CLANG_WARN_UNGUARDED_AVAILABILITY = YES_AGGRESSIVE;
				CLANG_WARN_UNREACHABLE_CODE = YES;
				CLANG_WARN__DUPLICATE_METHOD_MATCH = YES;
				COPY_PHASE_STRIP = NO;
				DEBUG_INFORMATION_FORMAT = dwarf;
				ENABLE_STRICT_OBJC_MSGSEND = YES;
				ENABLE_TESTABILITY = YES;
				GCC_C_LANGUAGE_STANDARD = gnu11;
				GCC_DYNAMIC_NO_PIC = NO;
				GCC_NO_COMMON_BLOCKS = YES;
				GCC_OPTIMIZATION_LEVEL = 0;
				GCC_PREPROCESSOR_DEFINITIONS = (
					"DEBUG=1",
					"$(inherited)",
				);
				GCC_WARN_64_TO_32_BIT_CONVERSION = YES;
				GCC_WARN_ABOUT_RETURN_TYPE = YES_ERROR;
				GCC_WARN_UNDECLARED_SELECTOR = YES;
				GCC_WARN_UNINITIALIZED_AUTOS = YES_AGGRESSIVE;
				GCC_WARN_UNUSED_FUNCTION = YES;
				GCC_WARN_UNUSED_VARIABLE = YES;
				IPHONEOS_DEPLOYMENT_TARGET = 14.4;
				MTL_ENABLE_DEBUG_INFO = INCLUDE_SOURCE;
				MTL_FAST_MATH = YES;
				ONLY_ACTIVE_ARCH = YES;
				SDKROOT = iphoneos;
				SWIFT_ACTIVE_COMPILATION_CONDITIONS = DEBUG;
				SWIFT_OPTIMIZATION_LEVEL = "-Onone";
			};
			name = Debug;
		};
		D15D5EB826509DB2005D562C /* Release */ = {
			isa = XCBuildConfiguration;
			buildSettings = {
				ALWAYS_SEARCH_USER_PATHS = NO;
				CLANG_ANALYZER_NONNULL = YES;
				CLANG_ANALYZER_NUMBER_OBJECT_CONVERSION = YES_AGGRESSIVE;
				CLANG_CXX_LANGUAGE_STANDARD = "gnu++14";
				CLANG_CXX_LIBRARY = "libc++";
				CLANG_ENABLE_MODULES = YES;
				CLANG_ENABLE_OBJC_ARC = YES;
				CLANG_ENABLE_OBJC_WEAK = YES;
				CLANG_WARN_BLOCK_CAPTURE_AUTORELEASING = YES;
				CLANG_WARN_BOOL_CONVERSION = YES;
				CLANG_WARN_COMMA = YES;
				CLANG_WARN_CONSTANT_CONVERSION = YES;
				CLANG_WARN_DEPRECATED_OBJC_IMPLEMENTATIONS = YES;
				CLANG_WARN_DIRECT_OBJC_ISA_USAGE = YES_ERROR;
				CLANG_WARN_DOCUMENTATION_COMMENTS = YES;
				CLANG_WARN_EMPTY_BODY = YES;
				CLANG_WARN_ENUM_CONVERSION = YES;
				CLANG_WARN_INFINITE_RECURSION = YES;
				CLANG_WARN_INT_CONVERSION = YES;
				CLANG_WARN_NON_LITERAL_NULL_CONVERSION = YES;
				CLANG_WARN_OBJC_IMPLICIT_RETAIN_SELF = YES;
				CLANG_WARN_OBJC_LITERAL_CONVERSION = YES;
				CLANG_WARN_OBJC_ROOT_CLASS = YES_ERROR;
				CLANG_WARN_QUOTED_INCLUDE_IN_FRAMEWORK_HEADER = YES;
				CLANG_WARN_RANGE_LOOP_ANALYSIS = YES;
				CLANG_WARN_STRICT_PROTOTYPES = YES;
				CLANG_WARN_SUSPICIOUS_MOVE = YES;
				CLANG_WARN_UNGUARDED_AVAILABILITY = YES_AGGRESSIVE;
				CLANG_WARN_UNREACHABLE_CODE = YES;
				CLANG_WARN__DUPLICATE_METHOD_MATCH = YES;
				COPY_PHASE_STRIP = NO;
				DEBUG_INFORMATION_FORMAT = "dwarf-with-dsym";
				ENABLE_NS_ASSERTIONS = NO;
				ENABLE_STRICT_OBJC_MSGSEND = YES;
				GCC_C_LANGUAGE_STANDARD = gnu11;
				GCC_NO_COMMON_BLOCKS = YES;
				GCC_WARN_64_TO_32_BIT_CONVERSION = YES;
				GCC_WARN_ABOUT_RETURN_TYPE = YES_ERROR;
				GCC_WARN_UNDECLARED_SELECTOR = YES;
				GCC_WARN_UNINITIALIZED_AUTOS = YES_AGGRESSIVE;
				GCC_WARN_UNUSED_FUNCTION = YES;
				GCC_WARN_UNUSED_VARIABLE = YES;
				IPHONEOS_DEPLOYMENT_TARGET = 14.4;
				MTL_ENABLE_DEBUG_INFO = NO;
				MTL_FAST_MATH = YES;
				SDKROOT = iphoneos;
				SWIFT_COMPILATION_MODE = wholemodule;
				SWIFT_OPTIMIZATION_LEVEL = "-O";
				VALIDATE_PRODUCT = YES;
			};
			name = Release;
		};
		D15D5EBA26509DB2005D562C /* Debug */ = {
			isa = XCBuildConfiguration;
			buildSettings = {
				ASSETCATALOG_COMPILER_APPICON_NAME = AppIcon;
				ASSETCATALOG_COMPILER_GLOBAL_ACCENT_COLOR_NAME = AccentColor;
				CODE_SIGN_STYLE = Automatic;
				DEVELOPMENT_ASSET_PATHS = "\"NikeLab/Preview Content\"";
				DEVELOPMENT_TEAM = MX6EDE7QQU;
				ENABLE_PREVIEWS = YES;
				INFOPLIST_FILE = NikeLab/Info.plist;
				LD_RUNPATH_SEARCH_PATHS = (
					"$(inherited)",
					"@executable_path/Frameworks",
				);
				PRODUCT_BUNDLE_IDENTIFIER = com.gigabit.NikeLab;
				PRODUCT_NAME = "$(TARGET_NAME)";
				SWIFT_VERSION = 5.0;
				TARGETED_DEVICE_FAMILY = 1;
			};
			name = Debug;
		};
		D15D5EBB26509DB2005D562C /* Release */ = {
			isa = XCBuildConfiguration;
			buildSettings = {
				ASSETCATALOG_COMPILER_APPICON_NAME = AppIcon;
				ASSETCATALOG_COMPILER_GLOBAL_ACCENT_COLOR_NAME = AccentColor;
				CODE_SIGN_STYLE = Automatic;
				DEVELOPMENT_ASSET_PATHS = "\"NikeLab/Preview Content\"";
				DEVELOPMENT_TEAM = MX6EDE7QQU;
				ENABLE_PREVIEWS = YES;
				INFOPLIST_FILE = NikeLab/Info.plist;
				LD_RUNPATH_SEARCH_PATHS = (
					"$(inherited)",
					"@executable_path/Frameworks",
				);
				PRODUCT_BUNDLE_IDENTIFIER = com.gigabit.NikeLab;
				PRODUCT_NAME = "$(TARGET_NAME)";
				SWIFT_VERSION = 5.0;
				TARGETED_DEVICE_FAMILY = 1;
			};
			name = Release;
		};
		D15D5EBD26509DB2005D562C /* Debug */ = {
			isa = XCBuildConfiguration;
			buildSettings = {
				ALWAYS_EMBED_SWIFT_STANDARD_LIBRARIES = YES;
				BUNDLE_LOADER = "$(TEST_HOST)";
				CODE_SIGN_STYLE = Automatic;
				DEVELOPMENT_TEAM = MX6EDE7QQU;
				INFOPLIST_FILE = NikeLabTests/Info.plist;
				IPHONEOS_DEPLOYMENT_TARGET = 14.4;
				LD_RUNPATH_SEARCH_PATHS = (
					"$(inherited)",
					"@executable_path/Frameworks",
					"@loader_path/Frameworks",
				);
				PRODUCT_BUNDLE_IDENTIFIER = com.gigabit.NikeLabTests;
				PRODUCT_NAME = "$(TARGET_NAME)";
				SWIFT_VERSION = 5.0;
				TARGETED_DEVICE_FAMILY = "1,2";
				TEST_HOST = "$(BUILT_PRODUCTS_DIR)/NikeLab.app/NikeLab";
			};
			name = Debug;
		};
		D15D5EBE26509DB2005D562C /* Release */ = {
			isa = XCBuildConfiguration;
			buildSettings = {
				ALWAYS_EMBED_SWIFT_STANDARD_LIBRARIES = YES;
				BUNDLE_LOADER = "$(TEST_HOST)";
				CODE_SIGN_STYLE = Automatic;
				DEVELOPMENT_TEAM = MX6EDE7QQU;
				INFOPLIST_FILE = NikeLabTests/Info.plist;
				IPHONEOS_DEPLOYMENT_TARGET = 14.4;
				LD_RUNPATH_SEARCH_PATHS = (
					"$(inherited)",
					"@executable_path/Frameworks",
					"@loader_path/Frameworks",
				);
				PRODUCT_BUNDLE_IDENTIFIER = com.gigabit.NikeLabTests;
				PRODUCT_NAME = "$(TARGET_NAME)";
				SWIFT_VERSION = 5.0;
				TARGETED_DEVICE_FAMILY = "1,2";
				TEST_HOST = "$(BUILT_PRODUCTS_DIR)/NikeLab.app/NikeLab";
			};
			name = Release;
		};
		D15D5EC026509DB2005D562C /* Debug */ = {
			isa = XCBuildConfiguration;
			buildSettings = {
				ALWAYS_EMBED_SWIFT_STANDARD_LIBRARIES = YES;
				CODE_SIGN_STYLE = Automatic;
				DEVELOPMENT_TEAM = MX6EDE7QQU;
				INFOPLIST_FILE = NikeLabUITests/Info.plist;
				LD_RUNPATH_SEARCH_PATHS = (
					"$(inherited)",
					"@executable_path/Frameworks",
					"@loader_path/Frameworks",
				);
				PRODUCT_BUNDLE_IDENTIFIER = com.gigabit.NikeLabUITests;
				PRODUCT_NAME = "$(TARGET_NAME)";
				SWIFT_VERSION = 5.0;
				TARGETED_DEVICE_FAMILY = "1,2";
				TEST_TARGET_NAME = NikeLab;
			};
			name = Debug;
		};
		D15D5EC126509DB2005D562C /* Release */ = {
			isa = XCBuildConfiguration;
			buildSettings = {
				ALWAYS_EMBED_SWIFT_STANDARD_LIBRARIES = YES;
				CODE_SIGN_STYLE = Automatic;
				DEVELOPMENT_TEAM = MX6EDE7QQU;
				INFOPLIST_FILE = NikeLabUITests/Info.plist;
				LD_RUNPATH_SEARCH_PATHS = (
					"$(inherited)",
					"@executable_path/Frameworks",
					"@loader_path/Frameworks",
				);
				PRODUCT_BUNDLE_IDENTIFIER = com.gigabit.NikeLabUITests;
				PRODUCT_NAME = "$(TARGET_NAME)";
				SWIFT_VERSION = 5.0;
				TARGETED_DEVICE_FAMILY = "1,2";
				TEST_TARGET_NAME = NikeLab;
			};
			name = Release;
		};
/* End XCBuildConfiguration section */

/* Begin XCConfigurationList section */
		D15D5E8A26509DAF005D562C /* Build configuration list for PBXProject "NikeLab" */ = {
			isa = XCConfigurationList;
			buildConfigurations = (
				D15D5EB726509DB2005D562C /* Debug */,
				D15D5EB826509DB2005D562C /* Release */,
			);
			defaultConfigurationIsVisible = 0;
			defaultConfigurationName = Release;
		};
		D15D5EB926509DB2005D562C /* Build configuration list for PBXNativeTarget "NikeLab" */ = {
			isa = XCConfigurationList;
			buildConfigurations = (
				D15D5EBA26509DB2005D562C /* Debug */,
				D15D5EBB26509DB2005D562C /* Release */,
			);
			defaultConfigurationIsVisible = 0;
			defaultConfigurationName = Release;
		};
		D15D5EBC26509DB2005D562C /* Build configuration list for PBXNativeTarget "NikeLabTests" */ = {
			isa = XCConfigurationList;
			buildConfigurations = (
				D15D5EBD26509DB2005D562C /* Debug */,
				D15D5EBE26509DB2005D562C /* Release */,
			);
			defaultConfigurationIsVisible = 0;
			defaultConfigurationName = Release;
		};
		D15D5EBF26509DB2005D562C /* Build configuration list for PBXNativeTarget "NikeLabUITests" */ = {
			isa = XCConfigurationList;
			buildConfigurations = (
				D15D5EC026509DB2005D562C /* Debug */,
				D15D5EC126509DB2005D562C /* Release */,
			);
			defaultConfigurationIsVisible = 0;
			defaultConfigurationName = Release;
		};
/* End XCConfigurationList section */
	};
	rootObject = D15D5E8726509DAF005D562C /* Project object */;
}
